
Microsoft Visual Studio Solution File, Format Version 12.00
# Visual Studio Version 17
VisualStudioVersion = 17.13.35919.96 d17.13
MinimumVisualStudioVersion = 10.0.40219.1
Project("{FAE04EC0-301F-11D3-BF4B-00C04F79EFBC}") = "Lab1_3", "Lab1_3\Lab1_3.csproj", "{2D45A554-F555-45D4-9C40-9845B1913B4A}"
EndProject
Project("{FAE04EC0-301F-11D3-BF4B-00C04F79EFBC}") = "C1", "C1\C1.csproj", "{CE960228-D583-4175-8B76-2FE5BC2FCD29}"
EndProject
Project("{FAE04EC0-301F-11D3-BF4B-00C04F79EFBC}") = "C2", "C2\C2.csproj", "{D7896BF6-61C0-4B2C-849A-4678F785241A}"
EndProject
Project("{FAE04EC0-301F-11D3-BF4B-00C04F79EFBC}") = "C3", "C3\C3.csproj", "{AA849B78-02AA-40A0-BF1F-B84F520DC788}"
EndProject
Project("{FAE04EC0-301F-11D3-BF4B-00C04F79EFBC}") = "C4", "C4\C4.csproj", "{8AC44EF0-9654-421F-B947-EBAC1E8F5EC6}"
EndProject
Global
	GlobalSection(SolutionConfigurationPlatforms) = preSolution
		Debug|Any CPU = Debug|Any CPU
		Release|Any CPU = Release|Any CPU
	EndGlobalSection
	GlobalSection(ProjectConfigurationPlatforms) = postSolution
		{2D45A554-F555-45D4-9C40-9845B1913B4A}.Debug|Any CPU.ActiveCfg = Debug|Any CPU
		{2D45A554-F555-45D4-9C40-9845B1913B4A}.Debug|Any CPU.Build.0 = Debug|Any CPU
		{2D45A554-F555-45D4-9C40-9845B1913B4A}.Release|Any CPU.ActiveCfg = Release|Any CPU
		{2D45A554-F555-45D4-9C40-9845B1913B4A}.Release|Any CPU.Build.0 = Release|Any CPU
		{CE960228-D583-4175-8B76-2FE5BC2FCD29}.Debug|Any CPU.ActiveCfg = Debug|Any CPU
		{CE960228-D583-4175-8B76-2FE5BC2FCD29}.Debug|Any CPU.Build.0 = Debug|Any CPU
		{CE960228-D583-4175-8B76-2FE5BC2FCD29}.Release|Any CPU.ActiveCfg = Release|Any CPU
		{CE960228-D583-4175-8B76-2FE5BC2FCD29}.Release|Any CPU.Build.0 = Release|Any CPU
		{D7896BF6-61C0-4B2C-849A-4678F785241A}.Debug|Any CPU.ActiveCfg = Debug|Any CPU
		{D7896BF6-61C0-4B2C-849A-4678F785241A}.Debug|Any CPU.Build.0 = Debug|Any CPU
		{D7896BF6-61C0-4B2C-849A-4678F785241A}.Release|Any CPU.ActiveCfg = Release|Any CPU
		{D7896BF6-61C0-4B2C-849A-4678F785241A}.Release|Any CPU.Build.0 = Release|Any CPU
		{AA849B78-02AA-40A0-BF1F-B84F520DC788}.Debug|Any CPU.ActiveCfg = Debug|Any CPU
		{AA849B78-02AA-40A0-BF1F-B84F520DC788}.Debug|Any CPU.Build.0 = Debug|Any CPU
		{AA849B78-02AA-40A0-BF1F-B84F520DC788}.Release|Any CPU.ActiveCfg = Release|Any CPU
		{AA849B78-02AA-40A0-BF1F-B84F520DC788}.Release|Any CPU.Build.0 = Release|Any CPU
		{8AC44EF0-9654-421F-B947-EBAC1E8F5EC6}.Debug|Any CPU.ActiveCfg = Debug|Any CPU
		{8AC44EF0-9654-421F-B947-EBAC1E8F5EC6}.Debug|Any CPU.Build.0 = Debug|Any CPU
		{8AC44EF0-9654-421F-B947-EBAC1E8F5EC6}.Release|Any CPU.ActiveCfg = Release|Any CPU
		{8AC44EF0-9654-421F-B947-EBAC1E8F5EC6}.Release|Any CPU.Build.0 = Release|Any CPU
	EndGlobalSection
	GlobalSection(SolutionProperties) = preSolution
		HideSolutionNode = FALSE
	EndGlobalSection
	GlobalSection(ExtensibilityGlobals) = postSolution
		SolutionGuid = {640426A4-B377-4025-9A56-4B1C17CF0D1C}
	EndGlobalSection
EndGlobal
