
Microsoft Visual Studio Solution File, Format Version 12.00
# Visual Studio Version 17
VisualStudioVersion = 17.13.35919.96 d17.13
MinimumVisualStudioVersion = 10.0.40219.1
Project("{FAE04EC0-301F-11D3-BF4B-00C04F79EFBC}") = "LAP11", "LAP11\LAP11.csproj", "{31FDD099-1120-4A15-8C96-BF52280EFB98}"
EndProject
Project("{FAE04EC0-301F-11D3-BF4B-00C04F79EFBC}") = "C1", "C1\C1.csproj", "{380DF158-18F9-4889-8519-4BBCAB53B9D9}"
EndProject
Project("{FAE04EC0-301F-11D3-BF4B-00C04F79EFBC}") = "C2", "C2\C2.csproj", "{281882F0-6124-4EDB-80AD-7E929D7B1943}"
EndProject
Project("{FAE04EC0-301F-11D3-BF4B-00C04F79EFBC}") = "C3", "C3\C3.csproj", "{BE8DB371-9477-428C-AA1B-530BD738F9CA}"
EndProject
Project("{FAE04EC0-301F-11D3-BF4B-00C04F79EFBC}") = "C4", "C4\C4.csproj", "{3D74D2A4-AC03-4804-8173-1633012711C2}"
EndProject
Project("{FAE04EC0-301F-11D3-BF4B-00C04F79EFBC}") = "C5", "C5\C5.csproj", "{08A320EE-A7BF-4CC4-A124-11A5321D3044}"
EndProject
Project("{FAE04EC0-301F-11D3-BF4B-00C04F79EFBC}") = "C6", "C6\C6.csproj", "{9AE28CAC-22CA-4D42-ACB2-39C3A2B019EF}"
EndProject
Project("{FAE04EC0-301F-11D3-BF4B-00C04F79EFBC}") = "C7", "C7\C7.csproj", "{24E165FD-672A-4392-A6E9-152715854B15}"
EndProject
Project("{FAE04EC0-301F-11D3-BF4B-00C04F79EFBC}") = "C8", "C8\C8.csproj", "{A2B103EB-A49D-472F-B50B-125E221F8BC1}"
EndProject
Project("{FAE04EC0-301F-11D3-BF4B-00C04F79EFBC}") = "C9", "C9\C9.csproj", "{6B6D5CC5-3AEF-4146-8193-47FD294F3252}"
EndProject
Project("{FAE04EC0-301F-11D3-BF4B-00C04F79EFBC}") = "C10", "C10\C10.csproj", "{EEB4D8A8-376E-4778-80C6-D4A799A6BA85}"
EndProject
Global
	GlobalSection(SolutionConfigurationPlatforms) = preSolution
		Debug|Any CPU = Debug|Any CPU
		Release|Any CPU = Release|Any CPU
	EndGlobalSection
	GlobalSection(ProjectConfigurationPlatforms) = postSolution
		{31FDD099-1120-4A15-8C96-BF52280EFB98}.Debug|Any CPU.ActiveCfg = Debug|Any CPU
		{31FDD099-1120-4A15-8C96-BF52280EFB98}.Debug|Any CPU.Build.0 = Debug|Any CPU
		{31FDD099-1120-4A15-8C96-BF52280EFB98}.Release|Any CPU.ActiveCfg = Release|Any CPU
		{31FDD099-1120-4A15-8C96-BF52280EFB98}.Release|Any CPU.Build.0 = Release|Any CPU
		{380DF158-18F9-4889-8519-4BBCAB53B9D9}.Debug|Any CPU.ActiveCfg = Debug|Any CPU
		{380DF158-18F9-4889-8519-4BBCAB53B9D9}.Debug|Any CPU.Build.0 = Debug|Any CPU
		{380DF158-18F9-4889-8519-4BBCAB53B9D9}.Release|Any CPU.ActiveCfg = Release|Any CPU
		{380DF158-18F9-4889-8519-4BBCAB53B9D9}.Release|Any CPU.Build.0 = Release|Any CPU
		{281882F0-6124-4EDB-80AD-7E929D7B1943}.Debug|Any CPU.ActiveCfg = Debug|Any CPU
		{281882F0-6124-4EDB-80AD-7E929D7B1943}.Debug|Any CPU.Build.0 = Debug|Any CPU
		{281882F0-6124-4EDB-80AD-7E929D7B1943}.Release|Any CPU.ActiveCfg = Release|Any CPU
		{281882F0-6124-4EDB-80AD-7E929D7B1943}.Release|Any CPU.Build.0 = Release|Any CPU
		{BE8DB371-9477-428C-AA1B-530BD738F9CA}.Debug|Any CPU.ActiveCfg = Debug|Any CPU
		{BE8DB371-9477-428C-AA1B-530BD738F9CA}.Debug|Any CPU.Build.0 = Debug|Any CPU
		{BE8DB371-9477-428C-AA1B-530BD738F9CA}.Release|Any CPU.ActiveCfg = Release|Any CPU
		{BE8DB371-9477-428C-AA1B-530BD738F9CA}.Release|Any CPU.Build.0 = Release|Any CPU
		{3D74D2A4-AC03-4804-8173-1633012711C2}.Debug|Any CPU.ActiveCfg = Debug|Any CPU
		{3D74D2A4-AC03-4804-8173-1633012711C2}.Debug|Any CPU.Build.0 = Debug|Any CPU
		{3D74D2A4-AC03-4804-8173-1633012711C2}.Release|Any CPU.ActiveCfg = Release|Any CPU
		{3D74D2A4-AC03-4804-8173-1633012711C2}.Release|Any CPU.Build.0 = Release|Any CPU
		{08A320EE-A7BF-4CC4-A124-11A5321D3044}.Debug|Any CPU.ActiveCfg = Debug|Any CPU
		{08A320EE-A7BF-4CC4-A124-11A5321D3044}.Debug|Any CPU.Build.0 = Debug|Any CPU
		{08A320EE-A7BF-4CC4-A124-11A5321D3044}.Release|Any CPU.ActiveCfg = Release|Any CPU
		{08A320EE-A7BF-4CC4-A124-11A5321D3044}.Release|Any CPU.Build.0 = Release|Any CPU
		{9AE28CAC-22CA-4D42-ACB2-39C3A2B019EF}.Debug|Any CPU.ActiveCfg = Debug|Any CPU
		{9AE28CAC-22CA-4D42-ACB2-39C3A2B019EF}.Debug|Any CPU.Build.0 = Debug|Any CPU
		{9AE28CAC-22CA-4D42-ACB2-39C3A2B019EF}.Release|Any CPU.ActiveCfg = Release|Any CPU
		{9AE28CAC-22CA-4D42-ACB2-39C3A2B019EF}.Release|Any CPU.Build.0 = Release|Any CPU
		{24E165FD-672A-4392-A6E9-152715854B15}.Debug|Any CPU.ActiveCfg = Debug|Any CPU
		{24E165FD-672A-4392-A6E9-152715854B15}.Debug|Any CPU.Build.0 = Debug|Any CPU
		{24E165FD-672A-4392-A6E9-152715854B15}.Release|Any CPU.ActiveCfg = Release|Any CPU
		{24E165FD-672A-4392-A6E9-152715854B15}.Release|Any CPU.Build.0 = Release|Any CPU
		{A2B103EB-A49D-472F-B50B-125E221F8BC1}.Debug|Any CPU.ActiveCfg = Debug|Any CPU
		{A2B103EB-A49D-472F-B50B-125E221F8BC1}.Debug|Any CPU.Build.0 = Debug|Any CPU
		{A2B103EB-A49D-472F-B50B-125E221F8BC1}.Release|Any CPU.ActiveCfg = Release|Any CPU
		{A2B103EB-A49D-472F-B50B-125E221F8BC1}.Release|Any CPU.Build.0 = Release|Any CPU
		{6B6D5CC5-3AEF-4146-8193-47FD294F3252}.Debug|Any CPU.ActiveCfg = Debug|Any CPU
		{6B6D5CC5-3AEF-4146-8193-47FD294F3252}.Debug|Any CPU.Build.0 = Debug|Any CPU
		{6B6D5CC5-3AEF-4146-8193-47FD294F3252}.Release|Any CPU.ActiveCfg = Release|Any CPU
		{6B6D5CC5-3AEF-4146-8193-47FD294F3252}.Release|Any CPU.Build.0 = Release|Any CPU
		{EEB4D8A8-376E-4778-80C6-D4A799A6BA85}.Debug|Any CPU.ActiveCfg = Debug|Any CPU
		{EEB4D8A8-376E-4778-80C6-D4A799A6BA85}.Debug|Any CPU.Build.0 = Debug|Any CPU
		{EEB4D8A8-376E-4778-80C6-D4A799A6BA85}.Release|Any CPU.ActiveCfg = Release|Any CPU
		{EEB4D8A8-376E-4778-80C6-D4A799A6BA85}.Release|Any CPU.Build.0 = Release|Any CPU
	EndGlobalSection
	GlobalSection(SolutionProperties) = preSolution
		HideSolutionNode = FALSE
	EndGlobalSection
	GlobalSection(ExtensibilityGlobals) = postSolution
		SolutionGuid = {FC20F773-44F7-40DC-8615-DC686A3FEA73}
	EndGlobalSection
EndGlobal
